
Microsoft Visual Studio Solution File, Format Version 12.00
# Visual Studio Version 16
VisualStudioVersion = 16.0.29318.209
MinimumVisualStudioVersion = 10.0.40219.1
Project("{FAE04EC0-301F-11D3-BF4B-00C04F79EFBC}") = "IRFVideogames", "IRFVideogames\IRFVideogames.csproj", "{57DBBB31-7DC4-4B0F-B73E-F0B961A6AD2A}"
EndProject
Global
	GlobalSection(SolutionConfigurationPlatforms) = preSolution
		Debug|Any CPU = Debug|Any CPU
		Release|Any CPU = Release|Any CPU
	EndGlobalSection
	GlobalSection(ProjectConfigurationPlatforms) = postSolution
		{57DBBB31-7DC4-4B0F-B73E-F0B961A6AD2A}.Debug|Any CPU.ActiveCfg = Debug|Any CPU
		{57DBBB31-7DC4-4B0F-B73E-F0B961A6AD2A}.Debug|Any CPU.Build.0 = Debug|Any CPU
		{57DBBB31-7DC4-4B0F-B73E-F0B961A6AD2A}.Release|Any CPU.ActiveCfg = Release|Any CPU
		{57DBBB31-7DC4-4B0F-B73E-F0B961A6AD2A}.Release|Any CPU.Build.0 = Release|Any CPU
	EndGlobalSection
	GlobalSection(SolutionProperties) = preSolution
		HideSolutionNode = FALSE
	EndGlobalSection
	GlobalSection(ExtensibilityGlobals) = postSolution
		SolutionGuid = {D4DDA087-7FD0-4AB5-AC7D-4CC42A10E189}
	EndGlobalSection
EndGlobal
